
Microsoft Visual Studio Solution File, Format Version 12.00
# Visual Studio Version 17
VisualStudioVersion = 17.6.33829.357
MinimumVisualStudioVersion = 10.0.40219.1
Project("{FAE04EC0-301F-11D3-BF4B-00C04F79EFBC}") = "Server - Web Api", "Server - Web Api\Server - Web Api.csproj", "{32B5A068-8BD7-4828-AC47-8A794F665ADB}"
EndProject
Global
	GlobalSection(SolutionConfigurationPlatforms) = preSolution
		Debug|Any CPU = Debug|Any CPU
		Release|Any CPU = Release|Any CPU
	EndGlobalSection
	GlobalSection(ProjectConfigurationPlatforms) = postSolution
		{32B5A068-8BD7-4828-AC47-8A794F665ADB}.Debug|Any CPU.ActiveCfg = Debug|Any CPU
		{32B5A068-8BD7-4828-AC47-8A794F665ADB}.Debug|Any CPU.Build.0 = Debug|Any CPU
		{32B5A068-8BD7-4828-AC47-8A794F665ADB}.Release|Any CPU.ActiveCfg = Release|Any CPU
		{32B5A068-8BD7-4828-AC47-8A794F665ADB}.Release|Any CPU.Build.0 = Release|Any CPU
	EndGlobalSection
	GlobalSection(SolutionProperties) = preSolution
		HideSolutionNode = FALSE
	EndGlobalSection
	GlobalSection(ExtensibilityGlobals) = postSolution
		SolutionGuid = {257A1E2C-7620-4A98-86CA-CB257B4B7134}
	EndGlobalSection
EndGlobal
